<Solution>
  <Project Path="NileChain.AI/NileChain.AI.csproj" />
  <Project Path="NileChain.API/NileChain.API.csproj" />
  <Project Path="NileChain.Application/NileChain.Application.csproj" />
  <Project Path="NileChain.Domain/NileChain.Domain.csproj" />
  <Project Path="NileChain.Infrastructure/NileChain.Infrastructure.csproj" />
  <Project Path="NileChain.Tests/NileChain.Tests.csproj" />
</Solution>
